<?xml version="1.0" encoding="utf-8"?>
<Project ToolsVersion="4.0" xmlns="http://schemas.microsoft.com/developer/msbuild/2003">
  <ItemGroup>
    <ClCompile Include="Boss.cpp" />
    <ClCompile Include="Button.cpp" />
    <ClCompile Include="Entity.cpp" />
    <ClCompile Include="Game.cpp" />
    <ClCompile Include="Interface.cpp" />
    <ClCompile Include="Gemme.cpp" />
    <ClCompile Include="main.cpp" />
    <ClCompile Include="MainScreen.cpp" />
    <ClCompile Include="Map.cpp" />
    <ClCompile Include="NuageTox.cpp" />
    <ClCompile Include="Player.cpp" />
    <ClCompile Include="Interactibles.cpp">
      <Filter>Interactibles</Filter>
    </ClCompile>
    <ClCompile Include="Chest.cpp">
      <Filter>Interactibles</Filter>
    </ClCompile>
    <ClCompile Include="Key.cpp">
      <Filter>Interactibles</Filter>
    </ClCompile>
    <ClCompile Include="Ennemies.cpp" />
    <ClCompile Include="Door.cpp">
      <Filter>Interactibles</Filter>
    </ClCompile>
  </ItemGroup>
  <ItemGroup>
    <ClInclude Include="Boss.hpp" />
    <ClInclude Include="Button.hpp" />
    <ClInclude Include="Entity.hpp" />
    <ClInclude Include="Game.hpp" />
    <ClInclude Include="Interface.hpp" />
    <ClInclude Include="MainScreen.hpp" />
    <ClInclude Include="Gemme.hpp" />
    <ClInclude Include="Map.hpp" />
    <ClInclude Include="NuageTox.hpp" />
    <ClInclude Include="Player.hpp" />
    <ClInclude Include="stdafx.hpp" />
    <ClInclude Include="Interactibles.hpp">
      <Filter>Interactibles</Filter>
    </ClInclude>
    <ClInclude Include="Chest.hpp">
      <Filter>Interactibles</Filter>
    </ClInclude>
    <ClInclude Include="Key.hpp">
      <Filter>Interactibles</Filter>
    </ClInclude>
    <ClInclude Include="Ennemies.hpp" />
    <ClInclude Include="Door.hpp">
      <Filter>Interactibles</Filter>
    </ClInclude>
  </ItemGroup>
  <ItemGroup>
    <Image Include="assets\texture\titlescreen\background.png" />
    <Image Include="assets\texture\titlescreen\button1.png" />
    <Image Include="assets\texture\titlescreen\button2.png" />
  </ItemGroup>
  <ItemGroup>
    <Filter Include="Interactibles">
      <UniqueIdentifier>{5db45add-6838-410d-beda-bed58020e28b}</UniqueIdentifier>
    </Filter>
  </ItemGroup>
  <ItemGroup>
    <Text Include="Assets\Map\Practice.txt" />
  </ItemGroup>
</Project>